
Microsoft Visual Studio Solution File, Format Version 12.00
# Visual Studio Version 17
VisualStudioVersion = 17.11.35327.3
MinimumVisualStudioVersion = 10.0.40219.1
Project("{FAE04EC0-301F-11D3-BF4B-00C04F79EFBC}") = "ConsoleApp", "ConsoleApp\ConsoleApp.csproj", "{5E4252D6-57AC-4EE0-85BB-A65D90D4D2DC}"
	ProjectSection(ProjectDependencies) = postProject
		{DDB9B758-1FC0-43BB-93B0-99E5DF563C7F} = {DDB9B758-1FC0-43BB-93B0-99E5DF563C7F}
	EndProjectSection
EndProject
Project("{FAE04EC0-301F-11D3-BF4B-00C04F79EFBC}") = "RootFinderLib", "RootFinderLib\RootFinderLib.csproj", "{DDB9B758-1FC0-43BB-93B0-99E5DF563C7F}"
EndProject
Global
	GlobalSection(SolutionConfigurationPlatforms) = preSolution
		Debug|Any CPU = Debug|Any CPU
		Release|Any CPU = Release|Any CPU
	EndGlobalSection
	GlobalSection(ProjectConfigurationPlatforms) = postSolution
		{5E4252D6-57AC-4EE0-85BB-A65D90D4D2DC}.Debug|Any CPU.ActiveCfg = Debug|Any CPU
		{5E4252D6-57AC-4EE0-85BB-A65D90D4D2DC}.Debug|Any CPU.Build.0 = Debug|Any CPU
		{5E4252D6-57AC-4EE0-85BB-A65D90D4D2DC}.Release|Any CPU.ActiveCfg = Release|Any CPU
		{5E4252D6-57AC-4EE0-85BB-A65D90D4D2DC}.Release|Any CPU.Build.0 = Release|Any CPU
		{DDB9B758-1FC0-43BB-93B0-99E5DF563C7F}.Debug|Any CPU.ActiveCfg = Debug|Any CPU
		{DDB9B758-1FC0-43BB-93B0-99E5DF563C7F}.Debug|Any CPU.Build.0 = Debug|Any CPU
		{DDB9B758-1FC0-43BB-93B0-99E5DF563C7F}.Release|Any CPU.ActiveCfg = Release|Any CPU
		{DDB9B758-1FC0-43BB-93B0-99E5DF563C7F}.Release|Any CPU.Build.0 = Release|Any CPU
	EndGlobalSection
	GlobalSection(SolutionProperties) = preSolution
		HideSolutionNode = FALSE
	EndGlobalSection
	GlobalSection(ExtensibilityGlobals) = postSolution
		SolutionGuid = {D4F9550B-25B1-4904-B509-BA460CD2E934}
	EndGlobalSection
EndGlobal
